<?xml version="1.0" encoding="utf-8"?>
<Project ToolsVersion="4.0" xmlns="http://schemas.microsoft.com/developer/msbuild/2003">
  <ItemGroup>
    <ClCompile Include="..\..\src\WNGraphicsDeviceFactory.cpp">
      <Filter>Source Files</Filter>
    </ClCompile>
    <ClCompile Include="..\..\src\D3D11\WNGraphicsDeviceD3D11.cpp">
      <Filter>Source Files\D3D11</Filter>
    </ClCompile>
    <ClCompile Include="..\..\src\GLX\WNGraphicsDeviceGLX.cpp">
      <Filter>Source Files\GLX</Filter>
    </ClCompile>
  </ItemGroup>
  <ItemGroup>
    <ClInclude Include="..\..\inc\WNBaseTexture.h">
      <Filter>Header Files</Filter>
    </ClInclude>
    <ClInclude Include="..\..\inc\WNBuffer.h">
      <Filter>Header Files</Filter>
    </ClInclude>
    <ClInclude Include="..\..\inc\WNDrawList.h">
      <Filter>Header Files</Filter>
    </ClInclude>
    <ClInclude Include="..\..\inc\WNGraphics.h">
      <Filter>Header Files</Filter>
    </ClInclude>
    <ClInclude Include="..\..\inc\WNGraphicsBuffer.h">
      <Filter>Header Files</Filter>
    </ClInclude>
    <ClInclude Include="..\..\inc\WNGraphicsDevice.h">
      <Filter>Header Files</Filter>
    </ClInclude>
    <ClInclude Include="..\..\inc\WNGraphicsDeviceFactory.h">
      <Filter>Header Files</Filter>
    </ClInclude>
    <ClInclude Include="..\..\inc\WNGraphicsResource.h">
      <Filter>Header Files</Filter>
    </ClInclude>
    <ClInclude Include="..\..\inc\WNGraphicsResourceFactory.h">
      <Filter>Header Files</Filter>
    </ClInclude>
    <ClInclude Include="..\..\inc\WNRenderTarget.h">
      <Filter>Header Files</Filter>
    </ClInclude>
    <ClInclude Include="..\..\inc\WNShader.h">
      <Filter>Header Files</Filter>
    </ClInclude>
    <ClInclude Include="..\..\inc\WNTexture.h">
      <Filter>Header Files</Filter>
    </ClInclude>
    <ClInclude Include="..\..\inc\WNVertexLayout.h">
      <Filter>Header Files</Filter>
    </ClInclude>
    <ClInclude Include="..\..\inc\Internal\D3D11\WNGraphicsDeviceD3D11.h">
      <Filter>Header Files\Internal\D3D11</Filter>
    </ClInclude>
    <ClInclude Include="..\..\inc\Internal\GLX\WNGraphicsDeviceGLX.h">
      <Filter>Header Files\Internal\GLX</Filter>
    </ClInclude>
  </ItemGroup>
  <ItemGroup>
    <Filter Include="Header Files">
      <UniqueIdentifier>{a8175239-3ce3-4fb8-b63c-d0cdf395dd6e}</UniqueIdentifier>
    </Filter>
    <Filter Include="Source Files">
      <UniqueIdentifier>{e7dd3f99-4399-4816-9384-9f2830920aaa}</UniqueIdentifier>
    </Filter>
    <Filter Include="Source Files\D3D11">
      <UniqueIdentifier>{95e62ec0-ca2f-402a-b3b8-bfe05edd2cb1}</UniqueIdentifier>
    </Filter>
    <Filter Include="Source Files\GLX">
      <UniqueIdentifier>{252c98dd-bcd1-4fba-a331-4acd2abaed98}</UniqueIdentifier>
    </Filter>
    <Filter Include="Header Files\Internal">
      <UniqueIdentifier>{3a546364-3c12-430d-94a9-f308a222e75c}</UniqueIdentifier>
    </Filter>
    <Filter Include="Header Files\Internal\D3D11">
      <UniqueIdentifier>{b2b99ea6-27ac-4bb1-8f16-f825ed159dd3}</UniqueIdentifier>
    </Filter>
    <Filter Include="Header Files\Internal\GLX">
      <UniqueIdentifier>{48efaa3d-16c0-495b-b9a1-d5dd968b0a89}</UniqueIdentifier>
    </Filter>
  </ItemGroup>
</Project>