
Microsoft Visual Studio Solution File, Format Version 12.00
# Visual Studio 2012
Project("{8BC9CEB8-8B4A-11D0-8D11-00A0C91BC942}") = "WNGraphics", "WNGraphics\proj\msvc11\WNGraphics.vcxproj", "{FC063550-A7F0-42A6-9790-F34982DA1E93}"
EndProject
Project("{8BC9CEB8-8B4A-11D0-8D11-00A0C91BC942}") = "WNScripting", "WNScripting\proj\msvc11\WNScripting.vcxproj", "{08972A40-3752-4BA3-A0CF-AEB9F7174705}"
EndProject
Project("{8BC9CEB8-8B4A-11D0-8D11-00A0C91BC942}") = "WNConcurrency", "WNConcurrency\proj\msvc11\WNConcurrency.vcxproj", "{BFD91BBC-3509-4BEA-B680-5B66A2E2F224}"
EndProject
Project("{8BC9CEB8-8B4A-11D0-8D11-00A0C91BC942}") = "WNContainers", "WNContainers\proj\msvc11\WNContainers.vcxproj", "{40E2F888-5D09-495C-9F5D-29ECCC7F78A4}"
EndProject
Project("{8BC9CEB8-8B4A-11D0-8D11-00A0C91BC942}") = "WNCore", "WNCore\proj\msvc11\WNCore.vcxproj", "{4905AD7D-2F40-450F-8CCB-467CC7EA39D3}"
EndProject
Project("{8BC9CEB8-8B4A-11D0-8D11-00A0C91BC942}") = "WNFileSystem", "WNFileSystem\proj\msvc11\WNFileSystem.vcxproj", "{256FC52B-514B-4161-973A-40DA6E6D314A}"
EndProject
Project("{8BC9CEB8-8B4A-11D0-8D11-00A0C91BC942}") = "WNMath", "WNMath\proj\msvc11\WNMath.vcxproj", "{104589AB-032B-4A4F-A99F-A86B2AD553B1}"
EndProject
Project("{8BC9CEB8-8B4A-11D0-8D11-00A0C91BC942}") = "WNMemory", "WNMemory\proj\msvc11\WNMemory.vcxproj", "{A74FD421-0FD0-42E2-AF31-0D95871DC2EA}"
EndProject
Project("{8BC9CEB8-8B4A-11D0-8D11-00A0C91BC942}") = "WNNetworking", "WNNetworking\proj\msvc11\WNNetworking.vcxproj", "{7C982F40-8CC8-4B96-A92E-D76FB7DF13FB}"
EndProject
Project("{8BC9CEB8-8B4A-11D0-8D11-00A0C91BC942}") = "WNStrings", "WNStrings\proj\msvc11\WNStrings.vcxproj", "{F2C8AC6E-A040-467C-96B9-FF528A15D736}"
EndProject
Project("{8BC9CEB8-8B4A-11D0-8D11-00A0C91BC942}") = "WNPlatform", "WNPlatform\proj\msvc11\WNPlatform.vcxproj", "{5C7A411B-C525-4152-83FF-DBD2DBED4C21}"
EndProject
Project("{2150E333-8FDC-42A3-9474-1A3956D46DE8}") = "Tests", "Tests", "{CE56AC1D-CD83-4AA7-A8F2-56A8C701A03C}"
EndProject
Project("{8BC9CEB8-8B4A-11D0-8D11-00A0C91BC942}") = "WNConcurrencyTests", "WNConcurrency\test\proj\msvc11\WNConcurrencyTests.vcxproj", "{0E771C92-BDA9-45E3-80E3-08BA12BB2A99}"
EndProject
Project("{8BC9CEB8-8B4A-11D0-8D11-00A0C91BC942}") = "WNCoreTests", "WNCore\test\proj\msvc11\WNCoreTests.vcxproj", "{27E29906-FA21-4919-97EF-42974A1AE43C}"
EndProject
Project("{8BC9CEB8-8B4A-11D0-8D11-00A0C91BC942}") = "WNFileSystemTests", "WNFileSystem\test\proj\msvc11\WNFileSystemTests.vcxproj", "{C8DB7C12-9FEA-4D55-8152-D3061710A1F5}"
EndProject
Project("{8BC9CEB8-8B4A-11D0-8D11-00A0C91BC942}") = "WNGraphicsTests", "WNGraphics\test\proj\msvc11\WNGraphicsTests.vcxproj", "{4D2BB173-BE15-40A9-9D1C-811AEF02F4DD}"
EndProject
Project("{8BC9CEB8-8B4A-11D0-8D11-00A0C91BC942}") = "WNMathTests", "WNMath\test\proj\msvc11\WNMathTests.vcxproj", "{46A6107A-80A0-45F0-A0F4-5F8C55708469}"
EndProject
Project("{8BC9CEB8-8B4A-11D0-8D11-00A0C91BC942}") = "WNMemoryTests", "WNMemory\test\proj\msvc11\WNMemoryTests.vcxproj", "{450143C6-B6F7-487F-97B0-D8E495C556C4}"
EndProject
Project("{8BC9CEB8-8B4A-11D0-8D11-00A0C91BC942}") = "WNNetworkingTests", "WNNetworking\test\proj\msvc11\WNNetworkingTests.vcxproj", "{74B54155-FE1C-454A-AF7B-0664889B930E}"
EndProject
Project("{8BC9CEB8-8B4A-11D0-8D11-00A0C91BC942}") = "WNPlatformTests", "WNPlatform\test\proj\msvc11\WNPlatformTests.vcxproj", "{2B3FE0E7-A6EC-47FD-9F6E-65617374D9C0}"
EndProject
Project("{8BC9CEB8-8B4A-11D0-8D11-00A0C91BC942}") = "WNStringsTests", "WNStrings\test\proj\msvc11\WNStringsTests.vcxproj", "{F60A9C1F-11EC-44AC-89A7-FFC7BC26D8FB}"
EndProject
Project("{8BC9CEB8-8B4A-11D0-8D11-00A0C91BC942}") = "WNLogging", "WNLogging\proj\msvc11\WNLogging.vcxproj", "{6978F8B6-976F-4031-AC97-7B4E1689F6FE}"
EndProject
Project("{8BC9CEB8-8B4A-11D0-8D11-00A0C91BC942}") = "WNContainersTests", "WNContainers\test\proj\msvc11\WNContainersTests.vcxproj", "{BA8AC7CE-9D3B-46CB-9D92-09F66E770ABD}"
EndProject
Project("{8BC9CEB8-8B4A-11D0-8D11-00A0C91BC942}") = "WNLoggingTests", "WNLogging\test\proj\msvc11\WNLoggingTests.vcxproj", "{8B77EF58-F880-49C6-B7FB-3CCB47729E08}"
EndProject
Project("{8BC9CEB8-8B4A-11D0-8D11-00A0C91BC942}") = "WNEntryPoint", "WNEntryPoint\proj\msvc11\WNEntryPoint.vcxproj", "{8780E818-183A-425E-A474-25A4C72658E5}"
EndProject
Project("{8BC9CEB8-8B4A-11D0-8D11-00A0C91BC942}") = "WNUtils", "WNUtils\proj\msvc11\WNUtils.vcxproj", "{29AA15CC-1BF4-4DCD-8A57-1CA34A2B1841}"
EndProject
Global
	GlobalSection(SolutionConfigurationPlatforms) = preSolution
		Debug|Win32 = Debug|Win32
		Debug|x64 = Debug|x64
		Release|Win32 = Release|Win32
		Release|x64 = Release|x64
	EndGlobalSection
	GlobalSection(ProjectConfigurationPlatforms) = postSolution
		{FC063550-A7F0-42A6-9790-F34982DA1E93}.Debug|Win32.ActiveCfg = Debug|Win32
		{FC063550-A7F0-42A6-9790-F34982DA1E93}.Debug|Win32.Build.0 = Debug|Win32
		{FC063550-A7F0-42A6-9790-F34982DA1E93}.Debug|x64.ActiveCfg = Debug|x64
		{FC063550-A7F0-42A6-9790-F34982DA1E93}.Debug|x64.Build.0 = Debug|x64
		{FC063550-A7F0-42A6-9790-F34982DA1E93}.Release|Win32.ActiveCfg = Release|Win32
		{FC063550-A7F0-42A6-9790-F34982DA1E93}.Release|Win32.Build.0 = Release|Win32
		{FC063550-A7F0-42A6-9790-F34982DA1E93}.Release|x64.ActiveCfg = Release|x64
		{FC063550-A7F0-42A6-9790-F34982DA1E93}.Release|x64.Build.0 = Release|x64
		{08972A40-3752-4BA3-A0CF-AEB9F7174705}.Debug|Win32.ActiveCfg = Debug|Win32
		{08972A40-3752-4BA3-A0CF-AEB9F7174705}.Debug|Win32.Build.0 = Debug|Win32
		{08972A40-3752-4BA3-A0CF-AEB9F7174705}.Debug|x64.ActiveCfg = Debug|x64
		{08972A40-3752-4BA3-A0CF-AEB9F7174705}.Debug|x64.Build.0 = Debug|x64
		{08972A40-3752-4BA3-A0CF-AEB9F7174705}.Release|Win32.ActiveCfg = Release|Win32
		{08972A40-3752-4BA3-A0CF-AEB9F7174705}.Release|Win32.Build.0 = Release|Win32
		{08972A40-3752-4BA3-A0CF-AEB9F7174705}.Release|x64.ActiveCfg = Release|x64
		{08972A40-3752-4BA3-A0CF-AEB9F7174705}.Release|x64.Build.0 = Release|x64
		{BFD91BBC-3509-4BEA-B680-5B66A2E2F224}.Debug|Win32.ActiveCfg = Debug|Win32
		{BFD91BBC-3509-4BEA-B680-5B66A2E2F224}.Debug|Win32.Build.0 = Debug|Win32
		{BFD91BBC-3509-4BEA-B680-5B66A2E2F224}.Debug|x64.ActiveCfg = Debug|x64
		{BFD91BBC-3509-4BEA-B680-5B66A2E2F224}.Debug|x64.Build.0 = Debug|x64
		{BFD91BBC-3509-4BEA-B680-5B66A2E2F224}.Release|Win32.ActiveCfg = Release|Win32
		{BFD91BBC-3509-4BEA-B680-5B66A2E2F224}.Release|Win32.Build.0 = Release|Win32
		{BFD91BBC-3509-4BEA-B680-5B66A2E2F224}.Release|x64.ActiveCfg = Release|x64
		{BFD91BBC-3509-4BEA-B680-5B66A2E2F224}.Release|x64.Build.0 = Release|x64
		{40E2F888-5D09-495C-9F5D-29ECCC7F78A4}.Debug|Win32.ActiveCfg = Debug|Win32
		{40E2F888-5D09-495C-9F5D-29ECCC7F78A4}.Debug|Win32.Build.0 = Debug|Win32
		{40E2F888-5D09-495C-9F5D-29ECCC7F78A4}.Debug|x64.ActiveCfg = Debug|x64
		{40E2F888-5D09-495C-9F5D-29ECCC7F78A4}.Debug|x64.Build.0 = Debug|x64
		{40E2F888-5D09-495C-9F5D-29ECCC7F78A4}.Release|Win32.ActiveCfg = Release|Win32
		{40E2F888-5D09-495C-9F5D-29ECCC7F78A4}.Release|Win32.Build.0 = Release|Win32
		{40E2F888-5D09-495C-9F5D-29ECCC7F78A4}.Release|x64.ActiveCfg = Release|x64
		{40E2F888-5D09-495C-9F5D-29ECCC7F78A4}.Release|x64.Build.0 = Release|x64
		{4905AD7D-2F40-450F-8CCB-467CC7EA39D3}.Debug|Win32.ActiveCfg = Debug|Win32
		{4905AD7D-2F40-450F-8CCB-467CC7EA39D3}.Debug|Win32.Build.0 = Debug|Win32
		{4905AD7D-2F40-450F-8CCB-467CC7EA39D3}.Debug|x64.ActiveCfg = Debug|x64
		{4905AD7D-2F40-450F-8CCB-467CC7EA39D3}.Debug|x64.Build.0 = Debug|x64
		{4905AD7D-2F40-450F-8CCB-467CC7EA39D3}.Release|Win32.ActiveCfg = Release|Win32
		{4905AD7D-2F40-450F-8CCB-467CC7EA39D3}.Release|Win32.Build.0 = Release|Win32
		{4905AD7D-2F40-450F-8CCB-467CC7EA39D3}.Release|x64.ActiveCfg = Release|x64
		{4905AD7D-2F40-450F-8CCB-467CC7EA39D3}.Release|x64.Build.0 = Release|x64
		{256FC52B-514B-4161-973A-40DA6E6D314A}.Debug|Win32.ActiveCfg = Debug|Win32
		{256FC52B-514B-4161-973A-40DA6E6D314A}.Debug|Win32.Build.0 = Debug|Win32
		{256FC52B-514B-4161-973A-40DA6E6D314A}.Debug|x64.ActiveCfg = Debug|x64
		{256FC52B-514B-4161-973A-40DA6E6D314A}.Debug|x64.Build.0 = Debug|x64
		{256FC52B-514B-4161-973A-40DA6E6D314A}.Release|Win32.ActiveCfg = Release|Win32
		{256FC52B-514B-4161-973A-40DA6E6D314A}.Release|Win32.Build.0 = Release|Win32
		{256FC52B-514B-4161-973A-40DA6E6D314A}.Release|x64.ActiveCfg = Release|x64
		{256FC52B-514B-4161-973A-40DA6E6D314A}.Release|x64.Build.0 = Release|x64
		{104589AB-032B-4A4F-A99F-A86B2AD553B1}.Debug|Win32.ActiveCfg = Debug|Win32
		{104589AB-032B-4A4F-A99F-A86B2AD553B1}.Debug|Win32.Build.0 = Debug|Win32
		{104589AB-032B-4A4F-A99F-A86B2AD553B1}.Debug|x64.ActiveCfg = Debug|x64
		{104589AB-032B-4A4F-A99F-A86B2AD553B1}.Debug|x64.Build.0 = Debug|x64
		{104589AB-032B-4A4F-A99F-A86B2AD553B1}.Release|Win32.ActiveCfg = Release|Win32
		{104589AB-032B-4A4F-A99F-A86B2AD553B1}.Release|Win32.Build.0 = Release|Win32
		{104589AB-032B-4A4F-A99F-A86B2AD553B1}.Release|x64.ActiveCfg = Release|x64
		{104589AB-032B-4A4F-A99F-A86B2AD553B1}.Release|x64.Build.0 = Release|x64
		{A74FD421-0FD0-42E2-AF31-0D95871DC2EA}.Debug|Win32.ActiveCfg = Debug|Win32
		{A74FD421-0FD0-42E2-AF31-0D95871DC2EA}.Debug|Win32.Build.0 = Debug|Win32
		{A74FD421-0FD0-42E2-AF31-0D95871DC2EA}.Debug|x64.ActiveCfg = Debug|x64
		{A74FD421-0FD0-42E2-AF31-0D95871DC2EA}.Debug|x64.Build.0 = Debug|x64
		{A74FD421-0FD0-42E2-AF31-0D95871DC2EA}.Release|Win32.ActiveCfg = Release|Win32
		{A74FD421-0FD0-42E2-AF31-0D95871DC2EA}.Release|Win32.Build.0 = Release|Win32
		{A74FD421-0FD0-42E2-AF31-0D95871DC2EA}.Release|x64.ActiveCfg = Release|x64
		{A74FD421-0FD0-42E2-AF31-0D95871DC2EA}.Release|x64.Build.0 = Release|x64
		{7C982F40-8CC8-4B96-A92E-D76FB7DF13FB}.Debug|Win32.ActiveCfg = Debug|Win32
		{7C982F40-8CC8-4B96-A92E-D76FB7DF13FB}.Debug|Win32.Build.0 = Debug|Win32
		{7C982F40-8CC8-4B96-A92E-D76FB7DF13FB}.Debug|x64.ActiveCfg = Debug|x64
		{7C982F40-8CC8-4B96-A92E-D76FB7DF13FB}.Debug|x64.Build.0 = Debug|x64
		{7C982F40-8CC8-4B96-A92E-D76FB7DF13FB}.Release|Win32.ActiveCfg = Release|Win32
		{7C982F40-8CC8-4B96-A92E-D76FB7DF13FB}.Release|Win32.Build.0 = Release|Win32
		{7C982F40-8CC8-4B96-A92E-D76FB7DF13FB}.Release|x64.ActiveCfg = Release|x64
		{7C982F40-8CC8-4B96-A92E-D76FB7DF13FB}.Release|x64.Build.0 = Release|x64
		{F2C8AC6E-A040-467C-96B9-FF528A15D736}.Debug|Win32.ActiveCfg = Debug|Win32
		{F2C8AC6E-A040-467C-96B9-FF528A15D736}.Debug|Win32.Build.0 = Debug|Win32
		{F2C8AC6E-A040-467C-96B9-FF528A15D736}.Debug|x64.ActiveCfg = Debug|x64
		{F2C8AC6E-A040-467C-96B9-FF528A15D736}.Debug|x64.Build.0 = Debug|x64
		{F2C8AC6E-A040-467C-96B9-FF528A15D736}.Release|Win32.ActiveCfg = Release|Win32
		{F2C8AC6E-A040-467C-96B9-FF528A15D736}.Release|Win32.Build.0 = Release|Win32
		{F2C8AC6E-A040-467C-96B9-FF528A15D736}.Release|x64.ActiveCfg = Release|x64
		{F2C8AC6E-A040-467C-96B9-FF528A15D736}.Release|x64.Build.0 = Release|x64
		{5C7A411B-C525-4152-83FF-DBD2DBED4C21}.Debug|Win32.ActiveCfg = Debug|Win32
		{5C7A411B-C525-4152-83FF-DBD2DBED4C21}.Debug|Win32.Build.0 = Debug|Win32
		{5C7A411B-C525-4152-83FF-DBD2DBED4C21}.Debug|x64.ActiveCfg = Debug|x64
		{5C7A411B-C525-4152-83FF-DBD2DBED4C21}.Debug|x64.Build.0 = Debug|x64
		{5C7A411B-C525-4152-83FF-DBD2DBED4C21}.Release|Win32.ActiveCfg = Release|Win32
		{5C7A411B-C525-4152-83FF-DBD2DBED4C21}.Release|Win32.Build.0 = Release|Win32
		{5C7A411B-C525-4152-83FF-DBD2DBED4C21}.Release|x64.ActiveCfg = Release|x64
		{5C7A411B-C525-4152-83FF-DBD2DBED4C21}.Release|x64.Build.0 = Release|x64
		{0E771C92-BDA9-45E3-80E3-08BA12BB2A99}.Debug|Win32.ActiveCfg = Debug|Win32
		{0E771C92-BDA9-45E3-80E3-08BA12BB2A99}.Debug|Win32.Build.0 = Debug|Win32
		{0E771C92-BDA9-45E3-80E3-08BA12BB2A99}.Debug|x64.ActiveCfg = Debug|x64
		{0E771C92-BDA9-45E3-80E3-08BA12BB2A99}.Debug|x64.Build.0 = Debug|x64
		{0E771C92-BDA9-45E3-80E3-08BA12BB2A99}.Release|Win32.ActiveCfg = Release|Win32
		{0E771C92-BDA9-45E3-80E3-08BA12BB2A99}.Release|Win32.Build.0 = Release|Win32
		{0E771C92-BDA9-45E3-80E3-08BA12BB2A99}.Release|x64.ActiveCfg = Release|x64
		{0E771C92-BDA9-45E3-80E3-08BA12BB2A99}.Release|x64.Build.0 = Release|x64
		{27E29906-FA21-4919-97EF-42974A1AE43C}.Debug|Win32.ActiveCfg = Debug|Win32
		{27E29906-FA21-4919-97EF-42974A1AE43C}.Debug|Win32.Build.0 = Debug|Win32
		{27E29906-FA21-4919-97EF-42974A1AE43C}.Debug|x64.ActiveCfg = Debug|x64
		{27E29906-FA21-4919-97EF-42974A1AE43C}.Debug|x64.Build.0 = Debug|x64
		{27E29906-FA21-4919-97EF-42974A1AE43C}.Release|Win32.ActiveCfg = Release|Win32
		{27E29906-FA21-4919-97EF-42974A1AE43C}.Release|Win32.Build.0 = Release|Win32
		{27E29906-FA21-4919-97EF-42974A1AE43C}.Release|x64.ActiveCfg = Release|x64
		{27E29906-FA21-4919-97EF-42974A1AE43C}.Release|x64.Build.0 = Release|x64
		{C8DB7C12-9FEA-4D55-8152-D3061710A1F5}.Debug|Win32.ActiveCfg = Debug|Win32
		{C8DB7C12-9FEA-4D55-8152-D3061710A1F5}.Debug|Win32.Build.0 = Debug|Win32
		{C8DB7C12-9FEA-4D55-8152-D3061710A1F5}.Debug|x64.ActiveCfg = Debug|x64
		{C8DB7C12-9FEA-4D55-8152-D3061710A1F5}.Debug|x64.Build.0 = Debug|x64
		{C8DB7C12-9FEA-4D55-8152-D3061710A1F5}.Release|Win32.ActiveCfg = Release|Win32
		{C8DB7C12-9FEA-4D55-8152-D3061710A1F5}.Release|Win32.Build.0 = Release|Win32
		{C8DB7C12-9FEA-4D55-8152-D3061710A1F5}.Release|x64.ActiveCfg = Release|x64
		{C8DB7C12-9FEA-4D55-8152-D3061710A1F5}.Release|x64.Build.0 = Release|x64
		{4D2BB173-BE15-40A9-9D1C-811AEF02F4DD}.Debug|Win32.ActiveCfg = Debug|Win32
		{4D2BB173-BE15-40A9-9D1C-811AEF02F4DD}.Debug|Win32.Build.0 = Debug|Win32
		{4D2BB173-BE15-40A9-9D1C-811AEF02F4DD}.Debug|x64.ActiveCfg = Debug|x64
		{4D2BB173-BE15-40A9-9D1C-811AEF02F4DD}.Debug|x64.Build.0 = Debug|x64
		{4D2BB173-BE15-40A9-9D1C-811AEF02F4DD}.Release|Win32.ActiveCfg = Release|Win32
		{4D2BB173-BE15-40A9-9D1C-811AEF02F4DD}.Release|Win32.Build.0 = Release|Win32
		{4D2BB173-BE15-40A9-9D1C-811AEF02F4DD}.Release|x64.ActiveCfg = Release|x64
		{4D2BB173-BE15-40A9-9D1C-811AEF02F4DD}.Release|x64.Build.0 = Release|x64
		{46A6107A-80A0-45F0-A0F4-5F8C55708469}.Debug|Win32.ActiveCfg = Debug|Win32
		{46A6107A-80A0-45F0-A0F4-5F8C55708469}.Debug|Win32.Build.0 = Debug|Win32
		{46A6107A-80A0-45F0-A0F4-5F8C55708469}.Debug|x64.ActiveCfg = Debug|x64
		{46A6107A-80A0-45F0-A0F4-5F8C55708469}.Debug|x64.Build.0 = Debug|x64
		{46A6107A-80A0-45F0-A0F4-5F8C55708469}.Release|Win32.ActiveCfg = Release|Win32
		{46A6107A-80A0-45F0-A0F4-5F8C55708469}.Release|Win32.Build.0 = Release|Win32
		{46A6107A-80A0-45F0-A0F4-5F8C55708469}.Release|x64.ActiveCfg = Release|x64
		{46A6107A-80A0-45F0-A0F4-5F8C55708469}.Release|x64.Build.0 = Release|x64
		{450143C6-B6F7-487F-97B0-D8E495C556C4}.Debug|Win32.ActiveCfg = Debug|Win32
		{450143C6-B6F7-487F-97B0-D8E495C556C4}.Debug|Win32.Build.0 = Debug|Win32
		{450143C6-B6F7-487F-97B0-D8E495C556C4}.Debug|x64.ActiveCfg = Debug|x64
		{450143C6-B6F7-487F-97B0-D8E495C556C4}.Debug|x64.Build.0 = Debug|x64
		{450143C6-B6F7-487F-97B0-D8E495C556C4}.Release|Win32.ActiveCfg = Release|Win32
		{450143C6-B6F7-487F-97B0-D8E495C556C4}.Release|Win32.Build.0 = Release|Win32
		{450143C6-B6F7-487F-97B0-D8E495C556C4}.Release|x64.ActiveCfg = Release|x64
		{450143C6-B6F7-487F-97B0-D8E495C556C4}.Release|x64.Build.0 = Release|x64
		{74B54155-FE1C-454A-AF7B-0664889B930E}.Debug|Win32.ActiveCfg = Debug|Win32
		{74B54155-FE1C-454A-AF7B-0664889B930E}.Debug|Win32.Build.0 = Debug|Win32
		{74B54155-FE1C-454A-AF7B-0664889B930E}.Debug|x64.ActiveCfg = Debug|x64
		{74B54155-FE1C-454A-AF7B-0664889B930E}.Debug|x64.Build.0 = Debug|x64
		{74B54155-FE1C-454A-AF7B-0664889B930E}.Release|Win32.ActiveCfg = Release|Win32
		{74B54155-FE1C-454A-AF7B-0664889B930E}.Release|Win32.Build.0 = Release|Win32
		{74B54155-FE1C-454A-AF7B-0664889B930E}.Release|x64.ActiveCfg = Release|x64
		{74B54155-FE1C-454A-AF7B-0664889B930E}.Release|x64.Build.0 = Release|x64
		{2B3FE0E7-A6EC-47FD-9F6E-65617374D9C0}.Debug|Win32.ActiveCfg = Debug|Win32
		{2B3FE0E7-A6EC-47FD-9F6E-65617374D9C0}.Debug|Win32.Build.0 = Debug|Win32
		{2B3FE0E7-A6EC-47FD-9F6E-65617374D9C0}.Debug|x64.ActiveCfg = Debug|x64
		{2B3FE0E7-A6EC-47FD-9F6E-65617374D9C0}.Debug|x64.Build.0 = Debug|x64
		{2B3FE0E7-A6EC-47FD-9F6E-65617374D9C0}.Release|Win32.ActiveCfg = Release|Win32
		{2B3FE0E7-A6EC-47FD-9F6E-65617374D9C0}.Release|Win32.Build.0 = Release|Win32
		{2B3FE0E7-A6EC-47FD-9F6E-65617374D9C0}.Release|x64.ActiveCfg = Release|x64
		{2B3FE0E7-A6EC-47FD-9F6E-65617374D9C0}.Release|x64.Build.0 = Release|x64
		{F60A9C1F-11EC-44AC-89A7-FFC7BC26D8FB}.Debug|Win32.ActiveCfg = Debug|Win32
		{F60A9C1F-11EC-44AC-89A7-FFC7BC26D8FB}.Debug|Win32.Build.0 = Debug|Win32
		{F60A9C1F-11EC-44AC-89A7-FFC7BC26D8FB}.Debug|x64.ActiveCfg = Debug|x64
		{F60A9C1F-11EC-44AC-89A7-FFC7BC26D8FB}.Debug|x64.Build.0 = Debug|x64
		{F60A9C1F-11EC-44AC-89A7-FFC7BC26D8FB}.Release|Win32.ActiveCfg = Release|Win32
		{F60A9C1F-11EC-44AC-89A7-FFC7BC26D8FB}.Release|Win32.Build.0 = Release|Win32
		{F60A9C1F-11EC-44AC-89A7-FFC7BC26D8FB}.Release|x64.ActiveCfg = Release|x64
		{F60A9C1F-11EC-44AC-89A7-FFC7BC26D8FB}.Release|x64.Build.0 = Release|x64
		{6978F8B6-976F-4031-AC97-7B4E1689F6FE}.Debug|Win32.ActiveCfg = Debug|Win32
		{6978F8B6-976F-4031-AC97-7B4E1689F6FE}.Debug|Win32.Build.0 = Debug|Win32
		{6978F8B6-976F-4031-AC97-7B4E1689F6FE}.Debug|x64.ActiveCfg = Debug|x64
		{6978F8B6-976F-4031-AC97-7B4E1689F6FE}.Debug|x64.Build.0 = Debug|x64
		{6978F8B6-976F-4031-AC97-7B4E1689F6FE}.Release|Win32.ActiveCfg = Release|Win32
		{6978F8B6-976F-4031-AC97-7B4E1689F6FE}.Release|Win32.Build.0 = Release|Win32
		{6978F8B6-976F-4031-AC97-7B4E1689F6FE}.Release|x64.ActiveCfg = Release|x64
		{6978F8B6-976F-4031-AC97-7B4E1689F6FE}.Release|x64.Build.0 = Release|x64
		{BA8AC7CE-9D3B-46CB-9D92-09F66E770ABD}.Debug|Win32.ActiveCfg = Debug|Win32
		{BA8AC7CE-9D3B-46CB-9D92-09F66E770ABD}.Debug|Win32.Build.0 = Debug|Win32
		{BA8AC7CE-9D3B-46CB-9D92-09F66E770ABD}.Debug|x64.ActiveCfg = Debug|x64
		{BA8AC7CE-9D3B-46CB-9D92-09F66E770ABD}.Debug|x64.Build.0 = Debug|x64
		{BA8AC7CE-9D3B-46CB-9D92-09F66E770ABD}.Release|Win32.ActiveCfg = Release|Win32
		{BA8AC7CE-9D3B-46CB-9D92-09F66E770ABD}.Release|Win32.Build.0 = Release|Win32
		{BA8AC7CE-9D3B-46CB-9D92-09F66E770ABD}.Release|x64.ActiveCfg = Release|x64
		{BA8AC7CE-9D3B-46CB-9D92-09F66E770ABD}.Release|x64.Build.0 = Release|x64
		{8B77EF58-F880-49C6-B7FB-3CCB47729E08}.Debug|Win32.ActiveCfg = Debug|Win32
		{8B77EF58-F880-49C6-B7FB-3CCB47729E08}.Debug|Win32.Build.0 = Debug|Win32
		{8B77EF58-F880-49C6-B7FB-3CCB47729E08}.Debug|x64.ActiveCfg = Debug|x64
		{8B77EF58-F880-49C6-B7FB-3CCB47729E08}.Debug|x64.Build.0 = Debug|x64
		{8B77EF58-F880-49C6-B7FB-3CCB47729E08}.Release|Win32.ActiveCfg = Release|Win32
		{8B77EF58-F880-49C6-B7FB-3CCB47729E08}.Release|Win32.Build.0 = Release|Win32
		{8B77EF58-F880-49C6-B7FB-3CCB47729E08}.Release|x64.ActiveCfg = Release|x64
		{8B77EF58-F880-49C6-B7FB-3CCB47729E08}.Release|x64.Build.0 = Release|x64
		{8780E818-183A-425E-A474-25A4C72658E5}.Debug|Win32.ActiveCfg = Debug|Win32
		{8780E818-183A-425E-A474-25A4C72658E5}.Debug|Win32.Build.0 = Debug|Win32
		{8780E818-183A-425E-A474-25A4C72658E5}.Debug|x64.ActiveCfg = Debug|x64
		{8780E818-183A-425E-A474-25A4C72658E5}.Debug|x64.Build.0 = Debug|x64
		{8780E818-183A-425E-A474-25A4C72658E5}.Release|Win32.ActiveCfg = Release|Win32
		{8780E818-183A-425E-A474-25A4C72658E5}.Release|Win32.Build.0 = Release|Win32
		{8780E818-183A-425E-A474-25A4C72658E5}.Release|x64.ActiveCfg = Release|x64
		{8780E818-183A-425E-A474-25A4C72658E5}.Release|x64.Build.0 = Release|x64
		{29AA15CC-1BF4-4DCD-8A57-1CA34A2B1841}.Debug|Win32.ActiveCfg = Debug|Win32
		{29AA15CC-1BF4-4DCD-8A57-1CA34A2B1841}.Debug|Win32.Build.0 = Debug|Win32
		{29AA15CC-1BF4-4DCD-8A57-1CA34A2B1841}.Debug|x64.ActiveCfg = Debug|x64
		{29AA15CC-1BF4-4DCD-8A57-1CA34A2B1841}.Debug|x64.Build.0 = Debug|x64
		{29AA15CC-1BF4-4DCD-8A57-1CA34A2B1841}.Release|Win32.ActiveCfg = Release|Win32
		{29AA15CC-1BF4-4DCD-8A57-1CA34A2B1841}.Release|Win32.Build.0 = Release|Win32
		{29AA15CC-1BF4-4DCD-8A57-1CA34A2B1841}.Release|x64.ActiveCfg = Release|x64
		{29AA15CC-1BF4-4DCD-8A57-1CA34A2B1841}.Release|x64.Build.0 = Release|x64
	EndGlobalSection
	GlobalSection(SolutionProperties) = preSolution
		HideSolutionNode = FALSE
	EndGlobalSection
	GlobalSection(NestedProjects) = preSolution
		{0E771C92-BDA9-45E3-80E3-08BA12BB2A99} = {CE56AC1D-CD83-4AA7-A8F2-56A8C701A03C}
		{27E29906-FA21-4919-97EF-42974A1AE43C} = {CE56AC1D-CD83-4AA7-A8F2-56A8C701A03C}
		{C8DB7C12-9FEA-4D55-8152-D3061710A1F5} = {CE56AC1D-CD83-4AA7-A8F2-56A8C701A03C}
		{4D2BB173-BE15-40A9-9D1C-811AEF02F4DD} = {CE56AC1D-CD83-4AA7-A8F2-56A8C701A03C}
		{46A6107A-80A0-45F0-A0F4-5F8C55708469} = {CE56AC1D-CD83-4AA7-A8F2-56A8C701A03C}
		{450143C6-B6F7-487F-97B0-D8E495C556C4} = {CE56AC1D-CD83-4AA7-A8F2-56A8C701A03C}
		{74B54155-FE1C-454A-AF7B-0664889B930E} = {CE56AC1D-CD83-4AA7-A8F2-56A8C701A03C}
		{2B3FE0E7-A6EC-47FD-9F6E-65617374D9C0} = {CE56AC1D-CD83-4AA7-A8F2-56A8C701A03C}
		{F60A9C1F-11EC-44AC-89A7-FFC7BC26D8FB} = {CE56AC1D-CD83-4AA7-A8F2-56A8C701A03C}
		{BA8AC7CE-9D3B-46CB-9D92-09F66E770ABD} = {CE56AC1D-CD83-4AA7-A8F2-56A8C701A03C}
		{8B77EF58-F880-49C6-B7FB-3CCB47729E08} = {CE56AC1D-CD83-4AA7-A8F2-56A8C701A03C}
	EndGlobalSection
EndGlobal
