<?xml version="1.0" encoding="utf-8"?>
<Project ToolsVersion="4.0" xmlns="http://schemas.microsoft.com/developer/msbuild/2003">
  <ItemGroup>
    <Filter Include="Header Files">
      <UniqueIdentifier>{93995380-89BD-4b04-88EB-625FBE52EBFB}</UniqueIdentifier>
      <Extensions>h;hpp;hxx;hm;inl;inc;xsd</Extensions>
    </Filter>
    <Filter Include="Inline Files">
      <UniqueIdentifier>{0a60d8eb-28b0-43a9-b12b-62b6c8513b1a}</UniqueIdentifier>
    </Filter>
    <Filter Include="Header Files\Internal">
      <UniqueIdentifier>{5a3cffce-2a8f-47d9-9568-e13eda6ba23e}</UniqueIdentifier>
    </Filter>
  </ItemGroup>
  <ItemGroup>
    <ClInclude Include="..\..\inc\WNAtomic.h">
      <Filter>Header Files</Filter>
    </ClInclude>
    <ClInclude Include="..\..\inc\WNCallbackJob.h">
      <Filter>Header Files</Filter>
    </ClInclude>
    <ClInclude Include="..\..\inc\WNCallOnce.h">
      <Filter>Header Files</Filter>
    </ClInclude>
    <ClInclude Include="..\..\inc\WNConcurrency.h">
      <Filter>Header Files</Filter>
    </ClInclude>
    <ClInclude Include="..\..\inc\WNLockGuard.h">
      <Filter>Header Files</Filter>
    </ClInclude>
    <ClInclude Include="..\..\inc\WNMutex.h">
      <Filter>Header Files</Filter>
    </ClInclude>
    <ClInclude Include="..\..\inc\WNResourceBase.h">
      <Filter>Header Files</Filter>
    </ClInclude>
    <ClInclude Include="..\..\inc\WNResourcePointer.h">
      <Filter>Header Files</Filter>
    </ClInclude>
    <ClInclude Include="..\..\inc\WNThread.h">
      <Filter>Header Files</Filter>
    </ClInclude>
    <ClInclude Include="..\..\inc\WNThreadJob.h">
      <Filter>Header Files</Filter>
    </ClInclude>
    <ClInclude Include="..\..\inc\WNThreadPool.h">
      <Filter>Header Files</Filter>
    </ClInclude>
    <ClInclude Include="..\..\inc\WNReadWriteLock.h">
      <Filter>Header Files</Filter>
    </ClInclude>
    <ClInclude Include="..\..\inc\WNSpinLock.h">
      <Filter>Header Files</Filter>
    </ClInclude>
    <ClInclude Include="..\..\inc\WNSemaphore.h">
      <Filter>Header Files</Filter>
    </ClInclude>
    <ClInclude Include="..\..\inc\Internal\WNThreadBase.h">
      <Filter>Header Files\Internal</Filter>
    </ClInclude>
    <ClInclude Include="..\..\inc\WNConditionVariable.h">
      <Filter>Header Files</Filter>
    </ClInclude>
    <ClInclude Include="..\..\inc\WNRecursiveMutex.h">
      <Filter>Header Files</Filter>
    </ClInclude>
    <ClInclude Include="..\..\inc\WNRecursiveSpinLock.h">
      <Filter>Header Files</Filter>
    </ClInclude>
    <ClInclude Include="..\..\inc\WNConfig.h">
      <Filter>Header Files</Filter>
    </ClInclude>
    <ClInclude Include="..\..\inc\Internal\WNConfig.h">
      <Filter>Header Files\Internal</Filter>
    </ClInclude>
  </ItemGroup>
  <ItemGroup>
    <None Include="..\..\inc\Internal\WNAtomic.inl">
      <Filter>Inline Files</Filter>
    </None>
    <None Include="..\..\inc\Internal\WNCallbackJob.inl">
      <Filter>Inline Files</Filter>
    </None>
    <None Include="..\..\inc\Internal\WNCallOnce.inl">
      <Filter>Inline Files</Filter>
    </None>
    <None Include="..\..\inc\Internal\WNLockGuard.inl">
      <Filter>Inline Files</Filter>
    </None>
    <None Include="..\..\inc\Internal\WNMutex.inl">
      <Filter>Inline Files</Filter>
    </None>
    <None Include="..\..\inc\Internal\WNResourceBase.inl">
      <Filter>Inline Files</Filter>
    </None>
    <None Include="..\..\inc\Internal\WNResourcePointer.inl">
      <Filter>Inline Files</Filter>
    </None>
    <None Include="..\..\inc\Internal\WNThread.inl">
      <Filter>Inline Files</Filter>
    </None>
    <None Include="..\..\inc\Internal\WNThreadJob.inl">
      <Filter>Inline Files</Filter>
    </None>
    <None Include="..\..\inc\Internal\WNThreadPoolWindows.inl">
      <Filter>Inline Files</Filter>
    </None>
    <None Include="..\..\inc\Internal\WNSemaphore.inl">
      <Filter>Inline Files</Filter>
    </None>
    <None Include="..\..\inc\Internal\WNReadWriteLock.inl">
      <Filter>Inline Files</Filter>
    </None>
    <None Include="..\..\inc\Internal\WNSpinLock.inl">
      <Filter>Inline Files</Filter>
    </None>
    <None Include="..\..\inc\Internal\WNThreadBase.inl">
      <Filter>Inline Files</Filter>
    </None>
    <None Include="..\..\inc\Internal\WNConditionVariable.inl">
      <Filter>Inline Files</Filter>
    </None>
    <None Include="..\..\inc\Internal\WNRecursiveMutex.inl">
      <Filter>Inline Files</Filter>
    </None>
    <None Include="..\..\inc\Internal\WNRecursiveSpinLock.inl">
      <Filter>Inline Files</Filter>
    </None>
  </ItemGroup>
</Project>
