<?xml version="1.0" encoding="utf-8"?>
<Project ToolsVersion="4.0" xmlns="http://schemas.microsoft.com/developer/msbuild/2003">
  <ItemGroup>
    <Filter Include="Source Files">
      <UniqueIdentifier>{4FC737F1-C7A5-4376-A066-2A32D752A2FF}</UniqueIdentifier>
      <Extensions>cpp;c;cc;cxx;def;odl;idl;hpj;bat;asm;asmx</Extensions>
    </Filter>
    <Filter Include="Source Files\Windows">
      <UniqueIdentifier>{49a0a631-6657-4e6a-9d3b-6ac8b5f9d771}</UniqueIdentifier>
    </Filter>
    <Filter Include="Source Files\Android">
      <UniqueIdentifier>{6460989a-4542-41ac-9448-6ed0d26feb63}</UniqueIdentifier>
    </Filter>
    <Filter Include="Source Files\Linux">
      <UniqueIdentifier>{37ce197e-b25e-439c-be98-d6a17e87dd95}</UniqueIdentifier>
    </Filter>
  </ItemGroup>
  <ItemGroup>
    <ClCompile Include="..\..\src\Windows\WNEntry.cpp">
      <Filter>Source Files\Windows</Filter>
    </ClCompile>
    <ClCompile Include="..\..\src\Linux\WNEntry.cpp">
      <Filter>Source Files\Linux</Filter>
    </ClCompile>
    <ClCompile Include="..\..\src\Android\WNEntry.cpp">
      <Filter>Source Files\Android</Filter>
    </ClCompile>
  </ItemGroup>
</Project>