
Microsoft Visual Studio Solution File, Format Version 12.00
# Visual Studio 2012
Project("{8BC9CEB8-8B4A-11D0-8D11-00A0C91BC942}") = "WNScriptInterpreter", "WNScriptInterpreter\proj\msvc11\WNScriptInterpreter.vcxproj", "{D353AD97-F087-4837-A1A6-AD883474143F}"
EndProject
Project("{2150E333-8FDC-42A3-9474-1A3956D46DE8}") = "Libraries", "Libraries", "{C1B5FF82-B808-433B-A72A-0C8990F78597}"
EndProject
Project("{8BC9CEB8-8B4A-11D0-8D11-00A0C91BC942}") = "WNConcurrency", "..\Libraries\WNConcurrency\proj\msvc11\WNConcurrency.vcxproj", "{BFD91BBC-3509-4BEA-B680-5B66A2E2F224}"
EndProject
Project("{8BC9CEB8-8B4A-11D0-8D11-00A0C91BC942}") = "WNContainers", "..\Libraries\WNContainers\proj\msvc11\WNContainers.vcxproj", "{40E2F888-5D09-495C-9F5D-29ECCC7F78A4}"
EndProject
Project("{8BC9CEB8-8B4A-11D0-8D11-00A0C91BC942}") = "WNCore", "..\Libraries\WNCore\proj\msvc11\WNCore.vcxproj", "{4905AD7D-2F40-450F-8CCB-467CC7EA39D3}"
EndProject
Project("{8BC9CEB8-8B4A-11D0-8D11-00A0C91BC942}") = "WNFileSystem", "..\Libraries\WNFileSystem\proj\msvc11\WNFileSystem.vcxproj", "{256FC52B-514B-4161-973A-40DA6E6D314A}"
EndProject
Project("{8BC9CEB8-8B4A-11D0-8D11-00A0C91BC942}") = "WNGraphics", "..\Libraries\WNGraphics\proj\msvc11\WNGraphics.vcxproj", "{FC063550-A7F0-42A6-9790-F34982DA1E93}"
EndProject
Project("{8BC9CEB8-8B4A-11D0-8D11-00A0C91BC942}") = "WNMath", "..\Libraries\WNMath\proj\msvc11\WNMath.vcxproj", "{104589AB-032B-4A4F-A99F-A86B2AD553B1}"
EndProject
Project("{8BC9CEB8-8B4A-11D0-8D11-00A0C91BC942}") = "WNMemory", "..\Libraries\WNMemory\proj\msvc11\WNMemory.vcxproj", "{A74FD421-0FD0-42E2-AF31-0D95871DC2EA}"
EndProject
Project("{8BC9CEB8-8B4A-11D0-8D11-00A0C91BC942}") = "WNNetworking", "..\Libraries\WNNetworking\proj\msvc11\WNNetworking.vcxproj", "{7C982F40-8CC8-4B96-A92E-D76FB7DF13FB}"
EndProject
Project("{8BC9CEB8-8B4A-11D0-8D11-00A0C91BC942}") = "WNPlatform", "..\Libraries\WNPlatform\proj\msvc11\WNPlatform.vcxproj", "{5C7A411B-C525-4152-83FF-DBD2DBED4C21}"
EndProject
Project("{8BC9CEB8-8B4A-11D0-8D11-00A0C91BC942}") = "WNScripting", "..\Libraries\WNScripting\proj\msvc11\WNScripting.vcxproj", "{08972A40-3752-4BA3-A0CF-AEB9F7174705}"
EndProject
Project("{8BC9CEB8-8B4A-11D0-8D11-00A0C91BC942}") = "WNStrings", "..\Libraries\WNStrings\proj\msvc11\WNStrings.vcxproj", "{F2C8AC6E-A040-467C-96B9-FF528A15D736}"
EndProject
Project("{8BC9CEB8-8B4A-11D0-8D11-00A0C91BC942}") = "WNLogging", "..\Libraries\WNLogging\proj\msvc11\WNLogging.vcxproj", "{6978F8B6-976F-4031-AC97-7B4E1689F6FE}"
EndProject
Project("{8BC9CEB8-8B4A-11D0-8D11-00A0C91BC942}") = "WNEntryPoint", "..\Libraries\WNEntryPoint\proj\msvc11\WNEntryPoint.vcxproj", "{8780E818-183A-425E-A474-25A4C72658E5}"
EndProject
Project("{8BC9CEB8-8B4A-11D0-8D11-00A0C91BC942}") = "WNUtils", "..\Libraries\WNUtils\proj\msvc11\WNUtils.vcxproj", "{29AA15CC-1BF4-4DCD-8A57-1CA34A2B1841}"
EndProject
Global
	GlobalSection(SolutionConfigurationPlatforms) = preSolution
		Debug|Win32 = Debug|Win32
		Debug|x64 = Debug|x64
		Release|Win32 = Release|Win32
		Release|x64 = Release|x64
	EndGlobalSection
	GlobalSection(ProjectConfigurationPlatforms) = postSolution
		{D353AD97-F087-4837-A1A6-AD883474143F}.Debug|Win32.ActiveCfg = Debug|Win32
		{D353AD97-F087-4837-A1A6-AD883474143F}.Debug|Win32.Build.0 = Debug|Win32
		{D353AD97-F087-4837-A1A6-AD883474143F}.Debug|x64.ActiveCfg = Debug|x64
		{D353AD97-F087-4837-A1A6-AD883474143F}.Debug|x64.Build.0 = Debug|x64
		{D353AD97-F087-4837-A1A6-AD883474143F}.Release|Win32.ActiveCfg = Release|Win32
		{D353AD97-F087-4837-A1A6-AD883474143F}.Release|Win32.Build.0 = Release|Win32
		{D353AD97-F087-4837-A1A6-AD883474143F}.Release|x64.ActiveCfg = Release|x64
		{D353AD97-F087-4837-A1A6-AD883474143F}.Release|x64.Build.0 = Release|x64
		{BFD91BBC-3509-4BEA-B680-5B66A2E2F224}.Debug|Win32.ActiveCfg = Debug|Win32
		{BFD91BBC-3509-4BEA-B680-5B66A2E2F224}.Debug|Win32.Build.0 = Debug|Win32
		{BFD91BBC-3509-4BEA-B680-5B66A2E2F224}.Debug|x64.ActiveCfg = Debug|x64
		{BFD91BBC-3509-4BEA-B680-5B66A2E2F224}.Debug|x64.Build.0 = Debug|x64
		{BFD91BBC-3509-4BEA-B680-5B66A2E2F224}.Release|Win32.ActiveCfg = Release|Win32
		{BFD91BBC-3509-4BEA-B680-5B66A2E2F224}.Release|Win32.Build.0 = Release|Win32
		{BFD91BBC-3509-4BEA-B680-5B66A2E2F224}.Release|x64.ActiveCfg = Release|x64
		{BFD91BBC-3509-4BEA-B680-5B66A2E2F224}.Release|x64.Build.0 = Release|x64
		{40E2F888-5D09-495C-9F5D-29ECCC7F78A4}.Debug|Win32.ActiveCfg = Debug|Win32
		{40E2F888-5D09-495C-9F5D-29ECCC7F78A4}.Debug|Win32.Build.0 = Debug|Win32
		{40E2F888-5D09-495C-9F5D-29ECCC7F78A4}.Debug|x64.ActiveCfg = Debug|x64
		{40E2F888-5D09-495C-9F5D-29ECCC7F78A4}.Debug|x64.Build.0 = Debug|x64
		{40E2F888-5D09-495C-9F5D-29ECCC7F78A4}.Release|Win32.ActiveCfg = Release|Win32
		{40E2F888-5D09-495C-9F5D-29ECCC7F78A4}.Release|Win32.Build.0 = Release|Win32
		{40E2F888-5D09-495C-9F5D-29ECCC7F78A4}.Release|x64.ActiveCfg = Release|x64
		{40E2F888-5D09-495C-9F5D-29ECCC7F78A4}.Release|x64.Build.0 = Release|x64
		{4905AD7D-2F40-450F-8CCB-467CC7EA39D3}.Debug|Win32.ActiveCfg = Debug|Win32
		{4905AD7D-2F40-450F-8CCB-467CC7EA39D3}.Debug|Win32.Build.0 = Debug|Win32
		{4905AD7D-2F40-450F-8CCB-467CC7EA39D3}.Debug|x64.ActiveCfg = Debug|x64
		{4905AD7D-2F40-450F-8CCB-467CC7EA39D3}.Debug|x64.Build.0 = Debug|x64
		{4905AD7D-2F40-450F-8CCB-467CC7EA39D3}.Release|Win32.ActiveCfg = Release|Win32
		{4905AD7D-2F40-450F-8CCB-467CC7EA39D3}.Release|Win32.Build.0 = Release|Win32
		{4905AD7D-2F40-450F-8CCB-467CC7EA39D3}.Release|x64.ActiveCfg = Release|x64
		{4905AD7D-2F40-450F-8CCB-467CC7EA39D3}.Release|x64.Build.0 = Release|x64
		{256FC52B-514B-4161-973A-40DA6E6D314A}.Debug|Win32.ActiveCfg = Debug|Win32
		{256FC52B-514B-4161-973A-40DA6E6D314A}.Debug|Win32.Build.0 = Debug|Win32
		{256FC52B-514B-4161-973A-40DA6E6D314A}.Debug|x64.ActiveCfg = Debug|x64
		{256FC52B-514B-4161-973A-40DA6E6D314A}.Debug|x64.Build.0 = Debug|x64
		{256FC52B-514B-4161-973A-40DA6E6D314A}.Release|Win32.ActiveCfg = Release|Win32
		{256FC52B-514B-4161-973A-40DA6E6D314A}.Release|Win32.Build.0 = Release|Win32
		{256FC52B-514B-4161-973A-40DA6E6D314A}.Release|x64.ActiveCfg = Release|x64
		{256FC52B-514B-4161-973A-40DA6E6D314A}.Release|x64.Build.0 = Release|x64
		{FC063550-A7F0-42A6-9790-F34982DA1E93}.Debug|Win32.ActiveCfg = Debug|Win32
		{FC063550-A7F0-42A6-9790-F34982DA1E93}.Debug|Win32.Build.0 = Debug|Win32
		{FC063550-A7F0-42A6-9790-F34982DA1E93}.Debug|x64.ActiveCfg = Debug|x64
		{FC063550-A7F0-42A6-9790-F34982DA1E93}.Debug|x64.Build.0 = Debug|x64
		{FC063550-A7F0-42A6-9790-F34982DA1E93}.Release|Win32.ActiveCfg = Release|Win32
		{FC063550-A7F0-42A6-9790-F34982DA1E93}.Release|Win32.Build.0 = Release|Win32
		{FC063550-A7F0-42A6-9790-F34982DA1E93}.Release|x64.ActiveCfg = Release|x64
		{FC063550-A7F0-42A6-9790-F34982DA1E93}.Release|x64.Build.0 = Release|x64
		{104589AB-032B-4A4F-A99F-A86B2AD553B1}.Debug|Win32.ActiveCfg = Debug|Win32
		{104589AB-032B-4A4F-A99F-A86B2AD553B1}.Debug|Win32.Build.0 = Debug|Win32
		{104589AB-032B-4A4F-A99F-A86B2AD553B1}.Debug|x64.ActiveCfg = Debug|x64
		{104589AB-032B-4A4F-A99F-A86B2AD553B1}.Debug|x64.Build.0 = Debug|x64
		{104589AB-032B-4A4F-A99F-A86B2AD553B1}.Release|Win32.ActiveCfg = Release|Win32
		{104589AB-032B-4A4F-A99F-A86B2AD553B1}.Release|Win32.Build.0 = Release|Win32
		{104589AB-032B-4A4F-A99F-A86B2AD553B1}.Release|x64.ActiveCfg = Release|x64
		{104589AB-032B-4A4F-A99F-A86B2AD553B1}.Release|x64.Build.0 = Release|x64
		{A74FD421-0FD0-42E2-AF31-0D95871DC2EA}.Debug|Win32.ActiveCfg = Debug|Win32
		{A74FD421-0FD0-42E2-AF31-0D95871DC2EA}.Debug|Win32.Build.0 = Debug|Win32
		{A74FD421-0FD0-42E2-AF31-0D95871DC2EA}.Debug|x64.ActiveCfg = Debug|x64
		{A74FD421-0FD0-42E2-AF31-0D95871DC2EA}.Debug|x64.Build.0 = Debug|x64
		{A74FD421-0FD0-42E2-AF31-0D95871DC2EA}.Release|Win32.ActiveCfg = Release|Win32
		{A74FD421-0FD0-42E2-AF31-0D95871DC2EA}.Release|Win32.Build.0 = Release|Win32
		{A74FD421-0FD0-42E2-AF31-0D95871DC2EA}.Release|x64.ActiveCfg = Release|x64
		{A74FD421-0FD0-42E2-AF31-0D95871DC2EA}.Release|x64.Build.0 = Release|x64
		{7C982F40-8CC8-4B96-A92E-D76FB7DF13FB}.Debug|Win32.ActiveCfg = Debug|Win32
		{7C982F40-8CC8-4B96-A92E-D76FB7DF13FB}.Debug|Win32.Build.0 = Debug|Win32
		{7C982F40-8CC8-4B96-A92E-D76FB7DF13FB}.Debug|x64.ActiveCfg = Debug|x64
		{7C982F40-8CC8-4B96-A92E-D76FB7DF13FB}.Debug|x64.Build.0 = Debug|x64
		{7C982F40-8CC8-4B96-A92E-D76FB7DF13FB}.Release|Win32.ActiveCfg = Release|Win32
		{7C982F40-8CC8-4B96-A92E-D76FB7DF13FB}.Release|Win32.Build.0 = Release|Win32
		{7C982F40-8CC8-4B96-A92E-D76FB7DF13FB}.Release|x64.ActiveCfg = Release|x64
		{7C982F40-8CC8-4B96-A92E-D76FB7DF13FB}.Release|x64.Build.0 = Release|x64
		{5C7A411B-C525-4152-83FF-DBD2DBED4C21}.Debug|Win32.ActiveCfg = Debug|Win32
		{5C7A411B-C525-4152-83FF-DBD2DBED4C21}.Debug|Win32.Build.0 = Debug|Win32
		{5C7A411B-C525-4152-83FF-DBD2DBED4C21}.Debug|x64.ActiveCfg = Debug|x64
		{5C7A411B-C525-4152-83FF-DBD2DBED4C21}.Debug|x64.Build.0 = Debug|x64
		{5C7A411B-C525-4152-83FF-DBD2DBED4C21}.Release|Win32.ActiveCfg = Release|Win32
		{5C7A411B-C525-4152-83FF-DBD2DBED4C21}.Release|Win32.Build.0 = Release|Win32
		{5C7A411B-C525-4152-83FF-DBD2DBED4C21}.Release|x64.ActiveCfg = Release|x64
		{5C7A411B-C525-4152-83FF-DBD2DBED4C21}.Release|x64.Build.0 = Release|x64
		{08972A40-3752-4BA3-A0CF-AEB9F7174705}.Debug|Win32.ActiveCfg = Debug|Win32
		{08972A40-3752-4BA3-A0CF-AEB9F7174705}.Debug|Win32.Build.0 = Debug|Win32
		{08972A40-3752-4BA3-A0CF-AEB9F7174705}.Debug|x64.ActiveCfg = Debug|x64
		{08972A40-3752-4BA3-A0CF-AEB9F7174705}.Debug|x64.Build.0 = Debug|x64
		{08972A40-3752-4BA3-A0CF-AEB9F7174705}.Release|Win32.ActiveCfg = Release|Win32
		{08972A40-3752-4BA3-A0CF-AEB9F7174705}.Release|Win32.Build.0 = Release|Win32
		{08972A40-3752-4BA3-A0CF-AEB9F7174705}.Release|x64.ActiveCfg = Release|x64
		{08972A40-3752-4BA3-A0CF-AEB9F7174705}.Release|x64.Build.0 = Release|x64
		{F2C8AC6E-A040-467C-96B9-FF528A15D736}.Debug|Win32.ActiveCfg = Debug|Win32
		{F2C8AC6E-A040-467C-96B9-FF528A15D736}.Debug|Win32.Build.0 = Debug|Win32
		{F2C8AC6E-A040-467C-96B9-FF528A15D736}.Debug|x64.ActiveCfg = Debug|x64
		{F2C8AC6E-A040-467C-96B9-FF528A15D736}.Debug|x64.Build.0 = Debug|x64
		{F2C8AC6E-A040-467C-96B9-FF528A15D736}.Release|Win32.ActiveCfg = Release|Win32
		{F2C8AC6E-A040-467C-96B9-FF528A15D736}.Release|Win32.Build.0 = Release|Win32
		{F2C8AC6E-A040-467C-96B9-FF528A15D736}.Release|x64.ActiveCfg = Release|x64
		{F2C8AC6E-A040-467C-96B9-FF528A15D736}.Release|x64.Build.0 = Release|x64
		{6978F8B6-976F-4031-AC97-7B4E1689F6FE}.Debug|Win32.ActiveCfg = Debug|Win32
		{6978F8B6-976F-4031-AC97-7B4E1689F6FE}.Debug|Win32.Build.0 = Debug|Win32
		{6978F8B6-976F-4031-AC97-7B4E1689F6FE}.Debug|x64.ActiveCfg = Debug|x64
		{6978F8B6-976F-4031-AC97-7B4E1689F6FE}.Debug|x64.Build.0 = Debug|x64
		{6978F8B6-976F-4031-AC97-7B4E1689F6FE}.Release|Win32.ActiveCfg = Release|Win32
		{6978F8B6-976F-4031-AC97-7B4E1689F6FE}.Release|Win32.Build.0 = Release|Win32
		{6978F8B6-976F-4031-AC97-7B4E1689F6FE}.Release|x64.ActiveCfg = Release|x64
		{6978F8B6-976F-4031-AC97-7B4E1689F6FE}.Release|x64.Build.0 = Release|x64
		{8780E818-183A-425E-A474-25A4C72658E5}.Debug|Win32.ActiveCfg = Debug|Win32
		{8780E818-183A-425E-A474-25A4C72658E5}.Debug|Win32.Build.0 = Debug|Win32
		{8780E818-183A-425E-A474-25A4C72658E5}.Debug|x64.ActiveCfg = Debug|x64
		{8780E818-183A-425E-A474-25A4C72658E5}.Debug|x64.Build.0 = Debug|x64
		{8780E818-183A-425E-A474-25A4C72658E5}.Release|Win32.ActiveCfg = Release|Win32
		{8780E818-183A-425E-A474-25A4C72658E5}.Release|Win32.Build.0 = Release|Win32
		{8780E818-183A-425E-A474-25A4C72658E5}.Release|x64.ActiveCfg = Release|x64
		{8780E818-183A-425E-A474-25A4C72658E5}.Release|x64.Build.0 = Release|x64
		{29AA15CC-1BF4-4DCD-8A57-1CA34A2B1841}.Debug|Win32.ActiveCfg = Debug|Win32
		{29AA15CC-1BF4-4DCD-8A57-1CA34A2B1841}.Debug|Win32.Build.0 = Debug|Win32
		{29AA15CC-1BF4-4DCD-8A57-1CA34A2B1841}.Debug|x64.ActiveCfg = Debug|x64
		{29AA15CC-1BF4-4DCD-8A57-1CA34A2B1841}.Debug|x64.Build.0 = Debug|x64
		{29AA15CC-1BF4-4DCD-8A57-1CA34A2B1841}.Release|Win32.ActiveCfg = Release|Win32
		{29AA15CC-1BF4-4DCD-8A57-1CA34A2B1841}.Release|Win32.Build.0 = Release|Win32
		{29AA15CC-1BF4-4DCD-8A57-1CA34A2B1841}.Release|x64.ActiveCfg = Release|x64
		{29AA15CC-1BF4-4DCD-8A57-1CA34A2B1841}.Release|x64.Build.0 = Release|x64
	EndGlobalSection
	GlobalSection(SolutionProperties) = preSolution
		HideSolutionNode = FALSE
	EndGlobalSection
	GlobalSection(NestedProjects) = preSolution
		{BFD91BBC-3509-4BEA-B680-5B66A2E2F224} = {C1B5FF82-B808-433B-A72A-0C8990F78597}
		{40E2F888-5D09-495C-9F5D-29ECCC7F78A4} = {C1B5FF82-B808-433B-A72A-0C8990F78597}
		{4905AD7D-2F40-450F-8CCB-467CC7EA39D3} = {C1B5FF82-B808-433B-A72A-0C8990F78597}
		{256FC52B-514B-4161-973A-40DA6E6D314A} = {C1B5FF82-B808-433B-A72A-0C8990F78597}
		{FC063550-A7F0-42A6-9790-F34982DA1E93} = {C1B5FF82-B808-433B-A72A-0C8990F78597}
		{104589AB-032B-4A4F-A99F-A86B2AD553B1} = {C1B5FF82-B808-433B-A72A-0C8990F78597}
		{A74FD421-0FD0-42E2-AF31-0D95871DC2EA} = {C1B5FF82-B808-433B-A72A-0C8990F78597}
		{7C982F40-8CC8-4B96-A92E-D76FB7DF13FB} = {C1B5FF82-B808-433B-A72A-0C8990F78597}
		{5C7A411B-C525-4152-83FF-DBD2DBED4C21} = {C1B5FF82-B808-433B-A72A-0C8990F78597}
		{08972A40-3752-4BA3-A0CF-AEB9F7174705} = {C1B5FF82-B808-433B-A72A-0C8990F78597}
		{F2C8AC6E-A040-467C-96B9-FF528A15D736} = {C1B5FF82-B808-433B-A72A-0C8990F78597}
		{6978F8B6-976F-4031-AC97-7B4E1689F6FE} = {C1B5FF82-B808-433B-A72A-0C8990F78597}
		{8780E818-183A-425E-A474-25A4C72658E5} = {C1B5FF82-B808-433B-A72A-0C8990F78597}
		{29AA15CC-1BF4-4DCD-8A57-1CA34A2B1841} = {C1B5FF82-B808-433B-A72A-0C8990F78597}
	EndGlobalSection
EndGlobal
